
Microsoft Visual Studio Solution File, Format Version 12.00
# Visual Studio Version 17
VisualStudioVersion = 17.4.33110.190
MinimumVisualStudioVersion = 10.0.40219.1
Project("{FAE04EC0-301F-11D3-BF4B-00C04F79EFBC}") = "PruebaBrive", "PruebaBrive\PruebaBrive.csproj", "{6AB01E86-A4DA-45EF-A8F0-955686BC1991}"
EndProject
Global
	GlobalSection(SolutionConfigurationPlatforms) = preSolution
		Debug|Any CPU = Debug|Any CPU
		Release|Any CPU = Release|Any CPU
	EndGlobalSection
	GlobalSection(ProjectConfigurationPlatforms) = postSolution
		{6AB01E86-A4DA-45EF-A8F0-955686BC1991}.Debug|Any CPU.ActiveCfg = Debug|Any CPU
		{6AB01E86-A4DA-45EF-A8F0-955686BC1991}.Debug|Any CPU.Build.0 = Debug|Any CPU
		{6AB01E86-A4DA-45EF-A8F0-955686BC1991}.Release|Any CPU.ActiveCfg = Release|Any CPU
		{6AB01E86-A4DA-45EF-A8F0-955686BC1991}.Release|Any CPU.Build.0 = Release|Any CPU
	EndGlobalSection
	GlobalSection(SolutionProperties) = preSolution
		HideSolutionNode = FALSE
	EndGlobalSection
	GlobalSection(ExtensibilityGlobals) = postSolution
		SolutionGuid = {47316131-FAAD-4919-80BB-CA862C39E614}
	EndGlobalSection
EndGlobal
